
Microsoft Visual Studio Solution File, Format Version 12.00
# Visual Studio Version 17
VisualStudioVersion = 17.4.33122.133
MinimumVisualStudioVersion = 10.0.40219.1
Project("{9A19103F-16F7-4668-BE54-9A1E7A4F7556}") = "Cavern", "Cavern\Cavern.csproj", "{B00F998C-0B13-457A-8903-53FFD94023FF}"
EndProject
Project("{FAE04EC0-301F-11D3-BF4B-00C04F79EFBC}") = "TestProject1", "TestProject1\TestProject1.csproj", "{4BE4A6E8-1DAF-4D6E-A2C3-547F87E5C0B8}"
EndProject
Global
	GlobalSection(SolutionConfigurationPlatforms) = preSolution
		Debug|Any CPU = Debug|Any CPU
		Release|Any CPU = Release|Any CPU
	EndGlobalSection
	GlobalSection(ProjectConfigurationPlatforms) = postSolution
		{B00F998C-0B13-457A-8903-53FFD94023FF}.Debug|Any CPU.ActiveCfg = Debug|Any CPU
		{B00F998C-0B13-457A-8903-53FFD94023FF}.Debug|Any CPU.Build.0 = Debug|Any CPU
		{B00F998C-0B13-457A-8903-53FFD94023FF}.Release|Any CPU.ActiveCfg = Release|Any CPU
		{B00F998C-0B13-457A-8903-53FFD94023FF}.Release|Any CPU.Build.0 = Release|Any CPU
		{4BE4A6E8-1DAF-4D6E-A2C3-547F87E5C0B8}.Debug|Any CPU.ActiveCfg = Debug|Any CPU
		{4BE4A6E8-1DAF-4D6E-A2C3-547F87E5C0B8}.Debug|Any CPU.Build.0 = Debug|Any CPU
		{4BE4A6E8-1DAF-4D6E-A2C3-547F87E5C0B8}.Release|Any CPU.ActiveCfg = Release|Any CPU
		{4BE4A6E8-1DAF-4D6E-A2C3-547F87E5C0B8}.Release|Any CPU.Build.0 = Release|Any CPU
	EndGlobalSection
	GlobalSection(SolutionProperties) = preSolution
		HideSolutionNode = FALSE
	EndGlobalSection
	GlobalSection(ExtensibilityGlobals) = postSolution
		SolutionGuid = {5D031E0D-D143-4135-B72B-044FE0CBC05E}
	EndGlobalSection
EndGlobal
